
Microsoft Visual Studio Solution File, Format Version 12.00
# Visual Studio Version 17
VisualStudioVersion = 17.12.35707.178 d17.12
MinimumVisualStudioVersion = 10.0.40219.1
Project("{FAE04EC0-301F-11D3-BF4B-00C04F79EFBC}") = "NessTest.Server", "NessTest.Server\NessTest.Server.csproj", "{7916F2DF-9FA8-4532-AEC7-4E184C93A0D5}"
EndProject
Project("{54A90642-561A-4BB1-A94E-469ADEE60C69}") = "nesstest.client", "nesstest.client\nesstest.client.esproj", "{61F93D1C-D01F-46C3-A5DA-0CE1DE64D81D}"
EndProject
Global
	GlobalSection(SolutionConfigurationPlatforms) = preSolution
		Debug|Any CPU = Debug|Any CPU
		Release|Any CPU = Release|Any CPU
	EndGlobalSection
	GlobalSection(ProjectConfigurationPlatforms) = postSolution
		{7916F2DF-9FA8-4532-AEC7-4E184C93A0D5}.Debug|Any CPU.ActiveCfg = Debug|Any CPU
		{7916F2DF-9FA8-4532-AEC7-4E184C93A0D5}.Debug|Any CPU.Build.0 = Debug|Any CPU
		{7916F2DF-9FA8-4532-AEC7-4E184C93A0D5}.Release|Any CPU.ActiveCfg = Release|Any CPU
		{7916F2DF-9FA8-4532-AEC7-4E184C93A0D5}.Release|Any CPU.Build.0 = Release|Any CPU
		{61F93D1C-D01F-46C3-A5DA-0CE1DE64D81D}.Debug|Any CPU.ActiveCfg = Debug|Any CPU
		{61F93D1C-D01F-46C3-A5DA-0CE1DE64D81D}.Debug|Any CPU.Build.0 = Debug|Any CPU
		{61F93D1C-D01F-46C3-A5DA-0CE1DE64D81D}.Debug|Any CPU.Deploy.0 = Debug|Any CPU
		{61F93D1C-D01F-46C3-A5DA-0CE1DE64D81D}.Release|Any CPU.ActiveCfg = Release|Any CPU
		{61F93D1C-D01F-46C3-A5DA-0CE1DE64D81D}.Release|Any CPU.Build.0 = Release|Any CPU
		{61F93D1C-D01F-46C3-A5DA-0CE1DE64D81D}.Release|Any CPU.Deploy.0 = Release|Any CPU
	EndGlobalSection
	GlobalSection(SolutionProperties) = preSolution
		HideSolutionNode = FALSE
	EndGlobalSection
EndGlobal
